
Microsoft Visual Studio Solution File, Format Version 12.00
# Visual Studio Version 16
VisualStudioVersion = 16.0.31729.503
MinimumVisualStudioVersion = 10.0.40219.1
Project("{FAE04EC0-301F-11D3-BF4B-00C04F79EFBC}") = "TutorManagementiOS.Android", "TutorManagementiOS\TutorManagementiOS.Android\TutorManagementiOS.Android.csproj", "{001EC4EA-993F-4068-B04D-F7568D6BE69D}"
EndProject
Project("{FAE04EC0-301F-11D3-BF4B-00C04F79EFBC}") = "TutorManagementiOS.iOS", "TutorManagementiOS\TutorManagementiOS.iOS\TutorManagementiOS.iOS.csproj", "{607E99E1-BCD9-4A5E-A38E-60C2B846B335}"
EndProject
Project("{9A19103F-16F7-4668-BE54-9A1E7A4F7556}") = "TutorManagementiOS", "TutorManagementiOS\TutorManagementiOS\TutorManagementiOS.csproj", "{0B86ACB4-6DD9-4BB1-8AD2-D2BAC075A3EA}"
EndProject
Project("{2150E333-8FDC-42A3-9474-1A3956D46DE8}") = "Solution Items", "Solution Items", "{AD99E104-4953-495B-8122-3CF1C1246A2F}"
EndProject
Global
	GlobalSection(SolutionConfigurationPlatforms) = preSolution
		Debug|Any CPU = Debug|Any CPU
		Debug|iPhone = Debug|iPhone
		Debug|iPhoneSimulator = Debug|iPhoneSimulator
		Release|Any CPU = Release|Any CPU
		Release|iPhone = Release|iPhone
		Release|iPhoneSimulator = Release|iPhoneSimulator
	EndGlobalSection
	GlobalSection(ProjectConfigurationPlatforms) = postSolution
		{001EC4EA-993F-4068-B04D-F7568D6BE69D}.Debug|Any CPU.ActiveCfg = Debug|Any CPU
		{001EC4EA-993F-4068-B04D-F7568D6BE69D}.Debug|Any CPU.Build.0 = Debug|Any CPU
		{001EC4EA-993F-4068-B04D-F7568D6BE69D}.Debug|Any CPU.Deploy.0 = Debug|Any CPU
		{001EC4EA-993F-4068-B04D-F7568D6BE69D}.Debug|iPhone.ActiveCfg = Debug|Any CPU
		{001EC4EA-993F-4068-B04D-F7568D6BE69D}.Debug|iPhone.Build.0 = Debug|Any CPU
		{001EC4EA-993F-4068-B04D-F7568D6BE69D}.Debug|iPhone.Deploy.0 = Debug|Any CPU
		{001EC4EA-993F-4068-B04D-F7568D6BE69D}.Debug|iPhoneSimulator.ActiveCfg = Debug|Any CPU
		{001EC4EA-993F-4068-B04D-F7568D6BE69D}.Debug|iPhoneSimulator.Build.0 = Debug|Any CPU
		{001EC4EA-993F-4068-B04D-F7568D6BE69D}.Debug|iPhoneSimulator.Deploy.0 = Debug|Any CPU
		{001EC4EA-993F-4068-B04D-F7568D6BE69D}.Release|Any CPU.ActiveCfg = Release|Any CPU
		{001EC4EA-993F-4068-B04D-F7568D6BE69D}.Release|Any CPU.Build.0 = Release|Any CPU
		{001EC4EA-993F-4068-B04D-F7568D6BE69D}.Release|Any CPU.Deploy.0 = Release|Any CPU
		{001EC4EA-993F-4068-B04D-F7568D6BE69D}.Release|iPhone.ActiveCfg = Release|Any CPU
		{001EC4EA-993F-4068-B04D-F7568D6BE69D}.Release|iPhone.Build.0 = Release|Any CPU
		{001EC4EA-993F-4068-B04D-F7568D6BE69D}.Release|iPhone.Deploy.0 = Release|Any CPU
		{001EC4EA-993F-4068-B04D-F7568D6BE69D}.Release|iPhoneSimulator.ActiveCfg = Release|Any CPU
		{001EC4EA-993F-4068-B04D-F7568D6BE69D}.Release|iPhoneSimulator.Build.0 = Release|Any CPU
		{001EC4EA-993F-4068-B04D-F7568D6BE69D}.Release|iPhoneSimulator.Deploy.0 = Release|Any CPU
		{607E99E1-BCD9-4A5E-A38E-60C2B846B335}.Debug|Any CPU.ActiveCfg = Debug|iPhone
		{607E99E1-BCD9-4A5E-A38E-60C2B846B335}.Debug|Any CPU.Build.0 = Debug|iPhone
		{607E99E1-BCD9-4A5E-A38E-60C2B846B335}.Debug|Any CPU.Deploy.0 = Debug|iPhone
		{607E99E1-BCD9-4A5E-A38E-60C2B846B335}.Debug|iPhone.ActiveCfg = Debug|iPhone
		{607E99E1-BCD9-4A5E-A38E-60C2B846B335}.Debug|iPhone.Build.0 = Debug|iPhone
		{607E99E1-BCD9-4A5E-A38E-60C2B846B335}.Debug|iPhone.Deploy.0 = Debug|iPhone
		{607E99E1-BCD9-4A5E-A38E-60C2B846B335}.Debug|iPhoneSimulator.ActiveCfg = Debug|iPhoneSimulator
		{607E99E1-BCD9-4A5E-A38E-60C2B846B335}.Debug|iPhoneSimulator.Build.0 = Debug|iPhoneSimulator
		{607E99E1-BCD9-4A5E-A38E-60C2B846B335}.Debug|iPhoneSimulator.Deploy.0 = Debug|iPhoneSimulator
		{607E99E1-BCD9-4A5E-A38E-60C2B846B335}.Release|Any CPU.ActiveCfg = Release|iPhoneSimulator
		{607E99E1-BCD9-4A5E-A38E-60C2B846B335}.Release|Any CPU.Build.0 = Release|iPhoneSimulator
		{607E99E1-BCD9-4A5E-A38E-60C2B846B335}.Release|Any CPU.Deploy.0 = Release|iPhoneSimulator
		{607E99E1-BCD9-4A5E-A38E-60C2B846B335}.Release|iPhone.ActiveCfg = Release|iPhone
		{607E99E1-BCD9-4A5E-A38E-60C2B846B335}.Release|iPhone.Build.0 = Release|iPhone
		{607E99E1-BCD9-4A5E-A38E-60C2B846B335}.Release|iPhone.Deploy.0 = Release|iPhone
		{607E99E1-BCD9-4A5E-A38E-60C2B846B335}.Release|iPhoneSimulator.ActiveCfg = Release|iPhoneSimulator
		{607E99E1-BCD9-4A5E-A38E-60C2B846B335}.Release|iPhoneSimulator.Build.0 = Release|iPhoneSimulator
		{607E99E1-BCD9-4A5E-A38E-60C2B846B335}.Release|iPhoneSimulator.Deploy.0 = Release|iPhoneSimulator
		{0B86ACB4-6DD9-4BB1-8AD2-D2BAC075A3EA}.Debug|Any CPU.ActiveCfg = Debug|Any CPU
		{0B86ACB4-6DD9-4BB1-8AD2-D2BAC075A3EA}.Debug|Any CPU.Build.0 = Debug|Any CPU
		{0B86ACB4-6DD9-4BB1-8AD2-D2BAC075A3EA}.Debug|Any CPU.Deploy.0 = Debug|Any CPU
		{0B86ACB4-6DD9-4BB1-8AD2-D2BAC075A3EA}.Debug|iPhone.ActiveCfg = Debug|Any CPU
		{0B86ACB4-6DD9-4BB1-8AD2-D2BAC075A3EA}.Debug|iPhone.Build.0 = Debug|Any CPU
		{0B86ACB4-6DD9-4BB1-8AD2-D2BAC075A3EA}.Debug|iPhone.Deploy.0 = Debug|Any CPU
		{0B86ACB4-6DD9-4BB1-8AD2-D2BAC075A3EA}.Debug|iPhoneSimulator.ActiveCfg = Debug|Any CPU
		{0B86ACB4-6DD9-4BB1-8AD2-D2BAC075A3EA}.Debug|iPhoneSimulator.Build.0 = Debug|Any CPU
		{0B86ACB4-6DD9-4BB1-8AD2-D2BAC075A3EA}.Debug|iPhoneSimulator.Deploy.0 = Debug|Any CPU
		{0B86ACB4-6DD9-4BB1-8AD2-D2BAC075A3EA}.Release|Any CPU.ActiveCfg = Release|Any CPU
		{0B86ACB4-6DD9-4BB1-8AD2-D2BAC075A3EA}.Release|Any CPU.Build.0 = Release|Any CPU
		{0B86ACB4-6DD9-4BB1-8AD2-D2BAC075A3EA}.Release|Any CPU.Deploy.0 = Release|Any CPU
		{0B86ACB4-6DD9-4BB1-8AD2-D2BAC075A3EA}.Release|iPhone.ActiveCfg = Release|Any CPU
		{0B86ACB4-6DD9-4BB1-8AD2-D2BAC075A3EA}.Release|iPhone.Build.0 = Release|Any CPU
		{0B86ACB4-6DD9-4BB1-8AD2-D2BAC075A3EA}.Release|iPhone.Deploy.0 = Release|Any CPU
		{0B86ACB4-6DD9-4BB1-8AD2-D2BAC075A3EA}.Release|iPhoneSimulator.ActiveCfg = Release|Any CPU
		{0B86ACB4-6DD9-4BB1-8AD2-D2BAC075A3EA}.Release|iPhoneSimulator.Build.0 = Release|Any CPU
		{0B86ACB4-6DD9-4BB1-8AD2-D2BAC075A3EA}.Release|iPhoneSimulator.Deploy.0 = Release|Any CPU
	EndGlobalSection
	GlobalSection(SolutionProperties) = preSolution
		HideSolutionNode = FALSE
	EndGlobalSection
	GlobalSection(ExtensibilityGlobals) = postSolution
		SolutionGuid = {AAD8AFA8-E58F-4396-AB4F-93775E62AF74}
	EndGlobalSection
EndGlobal
